<?xml version="1.0" encoding="utf-8"?>
<Project ToolsVersion="4.0" xmlns="http://schemas.microsoft.com/developer/msbuild/2003">
  <ItemGroup>
    <ClInclude Include="PlayLevel.h">
      <Filter>Contents\Level</Filter>
    </ClInclude>
    <ClInclude Include="EndingLevel.h">
      <Filter>Contents\Level</Filter>
    </ClInclude>
    <ClInclude Include="ContentCore.h" />
    <ClInclude Include="Player.h">
      <Filter>Contents\Global</Filter>
    </ClInclude>
    <ClInclude Include="BackGround.h">
      <Filter>Contents\Global</Filter>
    </ClInclude>
    <ClInclude Include="ContentsEnum.h">
      <Filter>Contents\Global</Filter>
    </ClInclude>
    <ClInclude Include="Map.h">
      <Filter>Contents\Global</Filter>
    </ClInclude>
    <ClInclude Include="GravityActor.h" />
    <ClInclude Include="RoadMonster.h">
      <Filter>Contents\Monster</Filter>
    </ClInclude>
    <ClInclude Include="JumpingMonster.h">
      <Filter>Contents\Monster</Filter>
    </ClInclude>
    <ClInclude Include="ibb.h">
      <Filter>Contents\Player</Filter>
    </ClInclude>
    <ClInclude Include="obb.h">
      <Filter>Contents\Player</Filter>
    </ClInclude>
    <ClInclude Include="Lobby.h">
      <Filter>Contents\Level</Filter>
    </ClInclude>
    <ClInclude Include="Titleibb.h">
      <Filter>Contents\Level\TitleObject</Filter>
    </ClInclude>
    <ClInclude Include="Titleobb.h">
      <Filter>Contents\Level\TitleObject</Filter>
    </ClInclude>
    <ClInclude Include="BlinkImage.h">
      <Filter>Contents\Level\TitleObject</Filter>
    </ClInclude>
    <ClInclude Include="DefaultImage.h">
      <Filter>Contents\Level\TitleObject</Filter>
    </ClInclude>
    <ClInclude Include="TitleLevel.h">
      <Filter>Contents\Monster</Filter>
    </ClInclude>
  </ItemGroup>
  <ItemGroup>
    <ClCompile Include="PlayLevel.cpp">
      <Filter>Contents\Level</Filter>
    </ClCompile>
    <ClCompile Include="EndingLevel.cpp">
      <Filter>Contents\Level</Filter>
    </ClCompile>
    <ClCompile Include="ContentCore.cpp" />
    <ClCompile Include="TitleLevel.cpp">
      <Filter>Contents\Level</Filter>
    </ClCompile>
    <ClCompile Include="Player.cpp">
      <Filter>Contents\Global</Filter>
    </ClCompile>
    <ClCompile Include="BackGround.cpp">
      <Filter>Contents\Global</Filter>
    </ClCompile>
    <ClCompile Include="Player_State.cpp">
      <Filter>Contents\Global</Filter>
    </ClCompile>
    <ClCompile Include="Map.cpp">
      <Filter>Contents\Global</Filter>
    </ClCompile>
    <ClCompile Include="GravityActor.cpp" />
    <ClCompile Include="RoadMonster.cpp">
      <Filter>Contents\Monster</Filter>
    </ClCompile>
    <ClCompile Include="JumpingMonster.cpp">
      <Filter>Contents\Monster</Filter>
    </ClCompile>
    <ClCompile Include="ibb.cpp">
      <Filter>Contents\Player</Filter>
    </ClCompile>
    <ClCompile Include="obb.cpp">
      <Filter>Contents\Player</Filter>
    </ClCompile>
    <ClCompile Include="Lobby.cpp">
      <Filter>Contents\Level</Filter>
    </ClCompile>
    <ClCompile Include="Titleibb.cpp">
      <Filter>Contents\Level\TitleObject</Filter>
    </ClCompile>
    <ClCompile Include="Titleobb.cpp">
      <Filter>Contents\Level\TitleObject</Filter>
    </ClCompile>
    <ClCompile Include="BlinkImage.cpp">
      <Filter>Contents\Level\TitleObject</Filter>
    </ClCompile>
    <ClCompile Include="DefaultImage.cpp">
      <Filter>Contents\Level\TitleObject</Filter>
    </ClCompile>
  </ItemGroup>
  <ItemGroup>
    <Filter Include="Contents">
      <UniqueIdentifier>{37df1d23-5b60-40bb-b28a-ce5d6c32017c}</UniqueIdentifier>
    </Filter>
    <Filter Include="Contents\Monster">
      <UniqueIdentifier>{a6575aa2-de71-44b8-97af-b905a301a971}</UniqueIdentifier>
    </Filter>
    <Filter Include="Contents\Player">
      <UniqueIdentifier>{460bb9d0-94bc-4350-bf86-97db6af1054c}</UniqueIdentifier>
    </Filter>
    <Filter Include="Contents\Level">
      <UniqueIdentifier>{0b45b5c6-4732-4776-bfcf-9e2d38454413}</UniqueIdentifier>
    </Filter>
    <Filter Include="Contents\Level\TitleObject">
      <UniqueIdentifier>{d6c07d50-61dc-43ce-993e-9d37b60d33c0}</UniqueIdentifier>
    </Filter>
    <Filter Include="Contents\Global">
      <UniqueIdentifier>{c24e4729-4c0c-443b-8b50-73ba2b0a6abc}</UniqueIdentifier>
    </Filter>
  </ItemGroup>
</Project>